
Microsoft Visual Studio Solution File, Format Version 12.00
# Visual Studio Version 16
VisualStudioVersion = 16.0.28922.388
MinimumVisualStudioVersion = 10.0.40219.1
Project("{FAE04EC0-301F-11D3-BF4B-00C04F79EFBC}") = "MCBBS Client CS Server", "MCBBS Client CS Server\MCBBS Client CS Server.csproj", "{1A0EE771-A5F9-40E7-A63F-159994CF8479}"
EndProject
Global
	GlobalSection(SolutionConfigurationPlatforms) = preSolution
		Debug|Any CPU = Debug|Any CPU
		Release|Any CPU = Release|Any CPU
	EndGlobalSection
	GlobalSection(ProjectConfigurationPlatforms) = postSolution
		{1A0EE771-A5F9-40E7-A63F-159994CF8479}.Debug|Any CPU.ActiveCfg = Debug|Any CPU
		{1A0EE771-A5F9-40E7-A63F-159994CF8479}.Debug|Any CPU.Build.0 = Debug|Any CPU
		{1A0EE771-A5F9-40E7-A63F-159994CF8479}.Release|Any CPU.ActiveCfg = Release|Any CPU
		{1A0EE771-A5F9-40E7-A63F-159994CF8479}.Release|Any CPU.Build.0 = Release|Any CPU
	EndGlobalSection
	GlobalSection(SolutionProperties) = preSolution
		HideSolutionNode = FALSE
	EndGlobalSection
	GlobalSection(ExtensibilityGlobals) = postSolution
		SolutionGuid = {3043601D-CB85-4522-A5A4-FCC752F9AB55}
	EndGlobalSection
EndGlobal
